
Microsoft Visual Studio Solution File, Format Version 12.00
# Visual Studio Version 16
VisualStudioVersion = 16.0.29613.14
MinimumVisualStudioVersion = 15.0.26124.0
Project("{FAE04EC0-301F-11D3-BF4B-00C04F79EFBC}") = "SimpleProjectWithResiliency", "src\SimpleProjectWithResiliency\SimpleProjectWithResiliency.csproj", "{45300C08-9D15-4764-9D8E-C57E925F742B}"
EndProject
Project("{FAE04EC0-301F-11D3-BF4B-00C04F79EFBC}") = "Tests", "src\Tests\Tests.csproj", "{7DB67720-20E0-413F-9781-9798AB7C7166}"
EndProject
Global
	GlobalSection(SolutionConfigurationPlatforms) = preSolution
		Debug|Any CPU = Debug|Any CPU
		Debug|x64 = Debug|x64
		Debug|x86 = Debug|x86
		Release|Any CPU = Release|Any CPU
		Release|x64 = Release|x64
		Release|x86 = Release|x86
	EndGlobalSection
	GlobalSection(ProjectConfigurationPlatforms) = postSolution
		{45300C08-9D15-4764-9D8E-C57E925F742B}.Debug|Any CPU.ActiveCfg = Debug|Any CPU
		{45300C08-9D15-4764-9D8E-C57E925F742B}.Debug|Any CPU.Build.0 = Debug|Any CPU
		{45300C08-9D15-4764-9D8E-C57E925F742B}.Debug|x64.ActiveCfg = Debug|Any CPU
		{45300C08-9D15-4764-9D8E-C57E925F742B}.Debug|x64.Build.0 = Debug|Any CPU
		{45300C08-9D15-4764-9D8E-C57E925F742B}.Debug|x86.ActiveCfg = Debug|Any CPU
		{45300C08-9D15-4764-9D8E-C57E925F742B}.Debug|x86.Build.0 = Debug|Any CPU
		{45300C08-9D15-4764-9D8E-C57E925F742B}.Release|Any CPU.ActiveCfg = Release|Any CPU
		{45300C08-9D15-4764-9D8E-C57E925F742B}.Release|Any CPU.Build.0 = Release|Any CPU
		{45300C08-9D15-4764-9D8E-C57E925F742B}.Release|x64.ActiveCfg = Release|Any CPU
		{45300C08-9D15-4764-9D8E-C57E925F742B}.Release|x64.Build.0 = Release|Any CPU
		{45300C08-9D15-4764-9D8E-C57E925F742B}.Release|x86.ActiveCfg = Release|Any CPU
		{45300C08-9D15-4764-9D8E-C57E925F742B}.Release|x86.Build.0 = Release|Any CPU
		{7DB67720-20E0-413F-9781-9798AB7C7166}.Debug|Any CPU.ActiveCfg = Debug|Any CPU
		{7DB67720-20E0-413F-9781-9798AB7C7166}.Debug|Any CPU.Build.0 = Debug|Any CPU
		{7DB67720-20E0-413F-9781-9798AB7C7166}.Debug|x64.ActiveCfg = Debug|Any CPU
		{7DB67720-20E0-413F-9781-9798AB7C7166}.Debug|x64.Build.0 = Debug|Any CPU
		{7DB67720-20E0-413F-9781-9798AB7C7166}.Debug|x86.ActiveCfg = Debug|Any CPU
		{7DB67720-20E0-413F-9781-9798AB7C7166}.Debug|x86.Build.0 = Debug|Any CPU
		{7DB67720-20E0-413F-9781-9798AB7C7166}.Release|Any CPU.ActiveCfg = Release|Any CPU
		{7DB67720-20E0-413F-9781-9798AB7C7166}.Release|Any CPU.Build.0 = Release|Any CPU
		{7DB67720-20E0-413F-9781-9798AB7C7166}.Release|x64.ActiveCfg = Release|Any CPU
		{7DB67720-20E0-413F-9781-9798AB7C7166}.Release|x64.Build.0 = Release|Any CPU
		{7DB67720-20E0-413F-9781-9798AB7C7166}.Release|x86.ActiveCfg = Release|Any CPU
		{7DB67720-20E0-413F-9781-9798AB7C7166}.Release|x86.Build.0 = Release|Any CPU
	EndGlobalSection
	GlobalSection(SolutionProperties) = preSolution
		HideSolutionNode = FALSE
	EndGlobalSection
	GlobalSection(ExtensibilityGlobals) = postSolution
		SolutionGuid = {1601B47D-279F-4E17-8C8D-1575F8FF7555}
	EndGlobalSection
EndGlobal
